
Microsoft Visual Studio Solution File, Format Version 12.00
# Visual Studio Version 17
VisualStudioVersion = 17.1.32210.238
MinimumVisualStudioVersion = 10.0.40219.1
Project("{FAE04EC0-301F-11D3-BF4B-00C04F79EFBC}") = "BaiTapBuoiLyThuyet2", "BaiTapBuoiLyThuyet2.csproj", "{7C2D74D2-5B3D-4EE4-8596-1B31CB0258D2}"
EndProject
Global
	GlobalSection(SolutionConfigurationPlatforms) = preSolution
		Debug|Any CPU = Debug|Any CPU
		Release|Any CPU = Release|Any CPU
	EndGlobalSection
	GlobalSection(ProjectConfigurationPlatforms) = postSolution
		{7C2D74D2-5B3D-4EE4-8596-1B31CB0258D2}.Debug|Any CPU.ActiveCfg = Debug|Any CPU
		{7C2D74D2-5B3D-4EE4-8596-1B31CB0258D2}.Debug|Any CPU.Build.0 = Debug|Any CPU
		{7C2D74D2-5B3D-4EE4-8596-1B31CB0258D2}.Release|Any CPU.ActiveCfg = Release|Any CPU
		{7C2D74D2-5B3D-4EE4-8596-1B31CB0258D2}.Release|Any CPU.Build.0 = Release|Any CPU
	EndGlobalSection
	GlobalSection(SolutionProperties) = preSolution
		HideSolutionNode = FALSE
	EndGlobalSection
	GlobalSection(ExtensibilityGlobals) = postSolution
		SolutionGuid = {A32FC465-DFE5-4B3D-B67A-C43497A8F380}
	EndGlobalSection
EndGlobal
